// !$*UTF8*$!
{
	archiveVersion = 1;
	classes = {
	};
	objectVersion = 51;
	objects = {

/* Begin PBXBuildFile section */
		556E1A9824CC590300A58FE6 /* AppDelegate.swift in Sources */ = {isa = PBXBuildFile; fileRef = 556E1A9724CC590300A58FE6 /* AppDelegate.swift */; };
		556E1A9A24CC590300A58FE6 /* SceneDelegate.swift in Sources */ = {isa = PBXBuildFile; fileRef = 556E1A9924CC590300A58FE6 /* SceneDelegate.swift */; };
		556E1A9C24CC590300A58FE6 /* EventsViewController.swift in Sources */ = {isa = PBXBuildFile; fileRef = 556E1A9B24CC590300A58FE6 /* EventsViewController.swift */; };
		556E1A9F24CC590300A58FE6 /* Main.storyboard in Resources */ = {isa = PBXBuildFile; fileRef = 556E1A9D24CC590300A58FE6 /* Main.storyboard */; };
		556E1AA124CC590300A58FE6 /* Assets.xcassets in Resources */ = {isa = PBXBuildFile; fileRef = 556E1AA024CC590300A58FE6 /* Assets.xcassets */; };
		556E1AA424CC590300A58FE6 /* LaunchScreen.storyboard in Resources */ = {isa = PBXBuildFile; fileRef = 556E1AA224CC590300A58FE6 /* LaunchScreen.storyboard */; };
		556E1AAC24CC5E1200A58FE6 /* DescriptionViewController.swift in Sources */ = {isa = PBXBuildFile; fileRef = 556E1AAB24CC5E1200A58FE6 /* DescriptionViewController.swift */; };
		556E1AAE24CC6A9C00A58FE6 /* ConfirmEventViewController.swift in Sources */ = {isa = PBXBuildFile; fileRef = 556E1AAD24CC6A9C00A58FE6 /* ConfirmEventViewController.swift */; };
		556E1AB124CC6F0400A58FE6 /* EventAPI.swift in Sources */ = {isa = PBXBuildFile; fileRef = 556E1AB024CC6F0400A58FE6 /* EventAPI.swift */; };
		556E1AB324CC786B00A58FE6 /* EventManager.swift in Sources */ = {isa = PBXBuildFile; fileRef = 556E1AB224CC786B00A58FE6 /* EventManager.swift */; };
		556E1AB524CC78B100A58FE6 /* EventDataResponse.swift in Sources */ = {isa = PBXBuildFile; fileRef = 556E1AB424CC78B100A58FE6 /* EventDataResponse.swift */; };
		556E1AB724CC868C00A58FE6 /* EventModel.swift in Sources */ = {isa = PBXBuildFile; fileRef = 556E1AB624CC868C00A58FE6 /* EventModel.swift */; };
		7AE15886C7F2E17DFAF8CCAF /* Pods_App_Eventos.framework in Frameworks */ = {isa = PBXBuildFile; fileRef = F868C43D922C9B65079B0573 /* Pods_App_Eventos.framework */; };
/* End PBXBuildFile section */

/* Begin PBXFileReference section */
		51478CDCB049D42ACF2B2723 /* Pods-App-Eventos.debug.xcconfig */ = {isa = PBXFileReference; includeInIndex = 1; lastKnownFileType = text.xcconfig; name = "Pods-App-Eventos.debug.xcconfig"; path = "Target Support Files/Pods-App-Eventos/Pods-App-Eventos.debug.xcconfig"; sourceTree = "<group>"; };
		556E1A9424CC590300A58FE6 /* App-Eventos.app */ = {isa = PBXFileReference; explicitFileType = wrapper.application; includeInIndex = 0; path = "App-Eventos.app"; sourceTree = BUILT_PRODUCTS_DIR; };
		556E1A9724CC590300A58FE6 /* AppDelegate.swift */ = {isa = PBXFileReference; lastKnownFileType = sourcecode.swift; path = AppDelegate.swift; sourceTree = "<group>"; };
		556E1A9924CC590300A58FE6 /* SceneDelegate.swift */ = {isa = PBXFileReference; lastKnownFileType = sourcecode.swift; path = SceneDelegate.swift; sourceTree = "<group>"; };
		556E1A9B24CC590300A58FE6 /* EventsViewController.swift */ = {isa = PBXFileReference; lastKnownFileType = sourcecode.swift; path = EventsViewController.swift; sourceTree = "<group>"; };
		556E1A9E24CC590300A58FE6 /* Base */ = {isa = PBXFileReference; lastKnownFileType = file.storyboard; name = Base; path = Base.lproj/Main.storyboard; sourceTree = "<group>"; };
		556E1AA024CC590300A58FE6 /* Assets.xcassets */ = {isa = PBXFileReference; lastKnownFileType = folder.assetcatalog; path = Assets.xcassets; sourceTree = "<group>"; };
		556E1AA324CC590300A58FE6 /* Base */ = {isa = PBXFileReference; lastKnownFileType = file.storyboard; name = Base; path = Base.lproj/LaunchScreen.storyboard; sourceTree = "<group>"; };
		556E1AA524CC590300A58FE6 /* Info.plist */ = {isa = PBXFileReference; lastKnownFileType = text.plist.xml; path = Info.plist; sourceTree = "<group>"; };
		556E1AAB24CC5E1200A58FE6 /* DescriptionViewController.swift */ = {isa = PBXFileReference; lastKnownFileType = sourcecode.swift; path = DescriptionViewController.swift; sourceTree = "<group>"; };
		556E1AAD24CC6A9C00A58FE6 /* ConfirmEventViewController.swift */ = {isa = PBXFileReference; lastKnownFileType = sourcecode.swift; path = ConfirmEventViewController.swift; sourceTree = "<group>"; };
		556E1AB024CC6F0400A58FE6 /* EventAPI.swift */ = {isa = PBXFileReference; lastKnownFileType = sourcecode.swift; path = EventAPI.swift; sourceTree = "<group>"; };
		556E1AB224CC786B00A58FE6 /* EventManager.swift */ = {isa = PBXFileReference; lastKnownFileType = sourcecode.swift; path = EventManager.swift; sourceTree = "<group>"; };
		556E1AB424CC78B100A58FE6 /* EventDataResponse.swift */ = {isa = PBXFileReference; lastKnownFileType = sourcecode.swift; path = EventDataResponse.swift; sourceTree = "<group>"; };
		556E1AB624CC868C00A58FE6 /* EventModel.swift */ = {isa = PBXFileReference; lastKnownFileType = sourcecode.swift; path = EventModel.swift; sourceTree = "<group>"; };
		57BB09B221BA87AEF3433568 /* Pods-App-Eventos.release.xcconfig */ = {isa = PBXFileReference; includeInIndex = 1; lastKnownFileType = text.xcconfig; name = "Pods-App-Eventos.release.xcconfig"; path = "Target Support Files/Pods-App-Eventos/Pods-App-Eventos.release.xcconfig"; sourceTree = "<group>"; };
		F868C43D922C9B65079B0573 /* Pods_App_Eventos.framework */ = {isa = PBXFileReference; explicitFileType = wrapper.framework; includeInIndex = 0; path = Pods_App_Eventos.framework; sourceTree = BUILT_PRODUCTS_DIR; };
/* End PBXFileReference section */

/* Begin PBXFrameworksBuildPhase section */
		556E1A9124CC590300A58FE6 /* Frameworks */ = {
			isa = PBXFrameworksBuildPhase;
			buildActionMask = 2147483647;
			files = (
				7AE15886C7F2E17DFAF8CCAF /* Pods_App_Eventos.framework in Frameworks */,
			);
			runOnlyForDeploymentPostprocessing = 0;
		};
/* End PBXFrameworksBuildPhase section */

/* Begin PBXGroup section */
		180F7519B9A08740CD57F94A /* Pods */ = {
			isa = PBXGroup;
			children = (
				51478CDCB049D42ACF2B2723 /* Pods-App-Eventos.debug.xcconfig */,
				57BB09B221BA87AEF3433568 /* Pods-App-Eventos.release.xcconfig */,
			);
			path = Pods;
			sourceTree = "<group>";
		};
		556E1A8B24CC590300A58FE6 = {
			isa = PBXGroup;
			children = (
				556E1A9624CC590300A58FE6 /* App-Eventos */,
				556E1A9524CC590300A58FE6 /* Products */,
				180F7519B9A08740CD57F94A /* Pods */,
				DB02EF181159E47EAA8C88B9 /* Frameworks */,
			);
			sourceTree = "<group>";
		};
		556E1A9524CC590300A58FE6 /* Products */ = {
			isa = PBXGroup;
			children = (
				556E1A9424CC590300A58FE6 /* App-Eventos.app */,
			);
			name = Products;
			sourceTree = "<group>";
		};
		556E1A9624CC590300A58FE6 /* App-Eventos */ = {
			isa = PBXGroup;
			children = (
				556E1AAF24CC6DF700A58FE6 /* Model */,
				556E1A9724CC590300A58FE6 /* AppDelegate.swift */,
				556E1A9924CC590300A58FE6 /* SceneDelegate.swift */,
				556E1A9B24CC590300A58FE6 /* EventsViewController.swift */,
				556E1AAB24CC5E1200A58FE6 /* DescriptionViewController.swift */,
				556E1AAD24CC6A9C00A58FE6 /* ConfirmEventViewController.swift */,
				556E1A9D24CC590300A58FE6 /* Main.storyboard */,
				556E1AA024CC590300A58FE6 /* Assets.xcassets */,
				556E1AA224CC590300A58FE6 /* LaunchScreen.storyboard */,
				556E1AA524CC590300A58FE6 /* Info.plist */,
			);
			path = "App-Eventos";
			sourceTree = "<group>";
		};
		556E1AAF24CC6DF700A58FE6 /* Model */ = {
			isa = PBXGroup;
			children = (
				556E1AB024CC6F0400A58FE6 /* EventAPI.swift */,
				556E1AB224CC786B00A58FE6 /* EventManager.swift */,
				556E1AB424CC78B100A58FE6 /* EventDataResponse.swift */,
				556E1AB624CC868C00A58FE6 /* EventModel.swift */,
			);
			path = Model;
			sourceTree = "<group>";
		};
		DB02EF181159E47EAA8C88B9 /* Frameworks */ = {
			isa = PBXGroup;
			children = (
				F868C43D922C9B65079B0573 /* Pods_App_Eventos.framework */,
			);
			name = Frameworks;
			sourceTree = "<group>";
		};
/* End PBXGroup section */

/* Begin PBXNativeTarget section */
		556E1A9324CC590300A58FE6 /* App-Eventos */ = {
			isa = PBXNativeTarget;
			buildConfigurationList = 556E1AA824CC590300A58FE6 /* Build configuration list for PBXNativeTarget "App-Eventos" */;
			buildPhases = (
				63B119EA99A65B1F2914D228 /* [CP] Check Pods Manifest.lock */,
				556E1A9024CC590300A58FE6 /* Sources */,
				556E1A9124CC590300A58FE6 /* Frameworks */,
				556E1A9224CC590300A58FE6 /* Resources */,
				804171ED4BF15150161701F2 /* [CP] Embed Pods Frameworks */,
			);
			buildRules = (
			);
			dependencies = (
			);
			name = "App-Eventos";
			productName = "App-Eventos";
			productReference = 556E1A9424CC590300A58FE6 /* App-Eventos.app */;
			productType = "com.apple.product-type.application";
		};
/* End PBXNativeTarget section */

/* Begin PBXProject section */
		556E1A8C24CC590300A58FE6 /* Project object */ = {
			isa = PBXProject;
			attributes = {
				LastSwiftUpdateCheck = 1160;
				LastUpgradeCheck = 1160;
				ORGANIZATIONNAME = "Felipe Weber";
				TargetAttributes = {
					556E1A9324CC590300A58FE6 = {
						CreatedOnToolsVersion = 11.6;
					};
				};
			};
			buildConfigurationList = 556E1A8F24CC590300A58FE6 /* Build configuration list for PBXProject "App-Eventos" */;
			compatibilityVersion = "Xcode 9.3";
			developmentRegion = en;
			hasScannedForEncodings = 0;
			knownRegions = (
				en,
				Base,
			);
			mainGroup = 556E1A8B24CC590300A58FE6;
			productRefGroup = 556E1A9524CC590300A58FE6 /* Products */;
			projectDirPath = "";
			projectRoot = "";
			targets = (
				556E1A9324CC590300A58FE6 /* App-Eventos */,
			);
		};
/* End PBXProject section */

/* Begin PBXResourcesBuildPhase section */
		556E1A9224CC590300A58FE6 /* Resources */ = {
			isa = PBXResourcesBuildPhase;
			buildActionMask = 2147483647;
			files = (
				556E1AA424CC590300A58FE6 /* LaunchScreen.storyboard in Resources */,
				556E1AA124CC590300A58FE6 /* Assets.xcassets in Resources */,
				556E1A9F24CC590300A58FE6 /* Main.storyboard in Resources */,
			);
			runOnlyForDeploymentPostprocessing = 0;
		};
/* End PBXResourcesBuildPhase section */

/* Begin PBXShellScriptBuildPhase section */
		63B119EA99A65B1F2914D228 /* [CP] Check Pods Manifest.lock */ = {
			isa = PBXShellScriptBuildPhase;
			buildActionMask = 2147483647;
			files = (
			);
			inputFileListPaths = (
			);
			inputPaths = (
				"${PODS_PODFILE_DIR_PATH}/Podfile.lock",
				"${PODS_ROOT}/Manifest.lock",
			);
			name = "[CP] Check Pods Manifest.lock";
			outputFileListPaths = (
			);
			outputPaths = (
				"$(DERIVED_FILE_DIR)/Pods-App-Eventos-checkManifestLockResult.txt",
			);
			runOnlyForDeploymentPostprocessing = 0;
			shellPath = /bin/sh;
			shellScript = "diff \"${PODS_PODFILE_DIR_PATH}/Podfile.lock\" \"${PODS_ROOT}/Manifest.lock\" > /dev/null\nif [ $? != 0 ] ; then\n    # print error to STDERR\n    echo \"error: The sandbox is not in sync with the Podfile.lock. Run 'pod install' or update your CocoaPods installation.\" >&2\n    exit 1\nfi\n# This output is used by Xcode 'outputs' to avoid re-running this script phase.\necho \"SUCCESS\" > \"${SCRIPT_OUTPUT_FILE_0}\"\n";
			showEnvVarsInLog = 0;
		};
		804171ED4BF15150161701F2 /* [CP] Embed Pods Frameworks */ = {
			isa = PBXShellScriptBuildPhase;
			buildActionMask = 2147483647;
			files = (
			);
			inputFileListPaths = (
				"${PODS_ROOT}/Target Support Files/Pods-App-Eventos/Pods-App-Eventos-frameworks-${CONFIGURATION}-input-files.xcfilelist",
			);
			name = "[CP] Embed Pods Frameworks";
			outputFileListPaths = (
				"${PODS_ROOT}/Target Support Files/Pods-App-Eventos/Pods-App-Eventos-frameworks-${CONFIGURATION}-output-files.xcfilelist",
			);
			runOnlyForDeploymentPostprocessing = 0;
			shellPath = /bin/sh;
			shellScript = "\"${PODS_ROOT}/Target Support Files/Pods-App-Eventos/Pods-App-Eventos-frameworks.sh\"\n";
			showEnvVarsInLog = 0;
		};
/* End PBXShellScriptBuildPhase section */

/* Begin PBXSourcesBuildPhase section */
		556E1A9024CC590300A58FE6 /* Sources */ = {
			isa = PBXSourcesBuildPhase;
			buildActionMask = 2147483647;
			files = (
				556E1AB324CC786B00A58FE6 /* EventManager.swift in Sources */,
				556E1AB724CC868C00A58FE6 /* EventModel.swift in Sources */,
				556E1A9C24CC590300A58FE6 /* EventsViewController.swift in Sources */,
				556E1AAE24CC6A9C00A58FE6 /* ConfirmEventViewController.swift in Sources */,
				556E1AAC24CC5E1200A58FE6 /* DescriptionViewController.swift in Sources */,
				556E1AB124CC6F0400A58FE6 /* EventAPI.swift in Sources */,
				556E1AB524CC78B100A58FE6 /* EventDataResponse.swift in Sources */,
				556E1A9824CC590300A58FE6 /* AppDelegate.swift in Sources */,
				556E1A9A24CC590300A58FE6 /* SceneDelegate.swift in Sources */,
			);
			runOnlyForDeploymentPostprocessing = 0;
		};
/* End PBXSourcesBuildPhase section */

/* Begin PBXVariantGroup section */
		556E1A9D24CC590300A58FE6 /* Main.storyboard */ = {
			isa = PBXVariantGroup;
			children = (
				556E1A9E24CC590300A58FE6 /* Base */,
			);
			name = Main.storyboard;
			sourceTree = "<group>";
		};
		556E1AA224CC590300A58FE6 /* LaunchScreen.storyboard */ = {
			isa = PBXVariantGroup;
			children = (
				556E1AA324CC590300A58FE6 /* Base */,
			);
			name = LaunchScreen.storyboard;
			sourceTree = "<group>";
		};
/* End PBXVariantGroup section */

/* Begin XCBuildConfiguration section */
		556E1AA624CC590300A58FE6 /* Debug */ = {
			isa = XCBuildConfiguration;
			buildSettings = {
				ALWAYS_SEARCH_USER_PATHS = NO;
				CLANG_ANALYZER_NONNULL = YES;
				CLANG_ANALYZER_NUMBER_OBJECT_CONVERSION = YES_AGGRESSIVE;
				CLANG_CXX_LANGUAGE_STANDARD = "gnu++14";
				CLANG_CXX_LIBRARY = "libc++";
				CLANG_ENABLE_MODULES = YES;
				CLANG_ENABLE_OBJC_ARC = YES;
				CLANG_ENABLE_OBJC_WEAK = YES;
				CLANG_WARN_BLOCK_CAPTURE_AUTORELEASING = YES;
				CLANG_WARN_BOOL_CONVERSION = YES;
				CLANG_WARN_COMMA = YES;
				CLANG_WARN_CONSTANT_CONVERSION = YES;
				CLANG_WARN_DEPRECATED_OBJC_IMPLEMENTATIONS = YES;
				CLANG_WARN_DIRECT_OBJC_ISA_USAGE = YES_ERROR;
				CLANG_WARN_DOCUMENTATION_COMMENTS = YES;
				CLANG_WARN_EMPTY_BODY = YES;
				CLANG_WARN_ENUM_CONVERSION = YES;
				CLANG_WARN_INFINITE_RECURSION = YES;
				CLANG_WARN_INT_CONVERSION = YES;
				CLANG_WARN_NON_LITERAL_NULL_CONVERSION = YES;
				CLANG_WARN_OBJC_IMPLICIT_RETAIN_SELF = YES;
				CLANG_WARN_OBJC_LITERAL_CONVERSION = YES;
				CLANG_WARN_OBJC_ROOT_CLASS = YES_ERROR;
				CLANG_WARN_RANGE_LOOP_ANALYSIS = YES;
				CLANG_WARN_STRICT_PROTOTYPES = YES;
				CLANG_WARN_SUSPICIOUS_MOVE = YES;
				CLANG_WARN_UNGUARDED_AVAILABILITY = YES_AGGRESSIVE;
				CLANG_WARN_UNREACHABLE_CODE = YES;
				CLANG_WARN__DUPLICATE_METHOD_MATCH = YES;
				COPY_PHASE_STRIP = NO;
				DEBUG_INFORMATION_FORMAT = dwarf;
				ENABLE_STRICT_OBJC_MSGSEND = YES;
				ENABLE_TESTABILITY = YES;
				GCC_C_LANGUAGE_STANDARD = gnu11;
				GCC_DYNAMIC_NO_PIC = NO;
				GCC_NO_COMMON_BLOCKS = YES;
				GCC_OPTIMIZATION_LEVEL = 0;
				GCC_PREPROCESSOR_DEFINITIONS = (
					"DEBUG=1",
					"$(inherited)",
				);
				GCC_WARN_64_TO_32_BIT_CONVERSION = YES;
				GCC_WARN_ABOUT_RETURN_TYPE = YES_ERROR;
				GCC_WARN_UNDECLARED_SELECTOR = YES;
				GCC_WARN_UNINITIALIZED_AUTOS = YES_AGGRESSIVE;
				GCC_WARN_UNUSED_FUNCTION = YES;
				GCC_WARN_UNUSED_VARIABLE = YES;
				IPHONEOS_DEPLOYMENT_TARGET = 13.0;
				MTL_ENABLE_DEBUG_INFO = INCLUDE_SOURCE;
				MTL_FAST_MATH = YES;
				ONLY_ACTIVE_ARCH = YES;
				SDKROOT = iphoneos;
				SWIFT_ACTIVE_COMPILATION_CONDITIONS = DEBUG;
				SWIFT_OPTIMIZATION_LEVEL = "-Onone";
			};
			name = Debug;
		};
		556E1AA724CC590300A58FE6 /* Release */ = {
			isa = XCBuildConfiguration;
			buildSettings = {
				ALWAYS_SEARCH_USER_PATHS = NO;
				CLANG_ANALYZER_NONNULL = YES;
				CLANG_ANALYZER_NUMBER_OBJECT_CONVERSION = YES_AGGRESSIVE;
				CLANG_CXX_LANGUAGE_STANDARD = "gnu++14";
				CLANG_CXX_LIBRARY = "libc++";
				CLANG_ENABLE_MODULES = YES;
				CLANG_ENABLE_OBJC_ARC = YES;
				CLANG_ENABLE_OBJC_WEAK = YES;
				CLANG_WARN_BLOCK_CAPTURE_AUTORELEASING = YES;
				CLANG_WARN_BOOL_CONVERSION = YES;
				CLANG_WARN_COMMA = YES;
				CLANG_WARN_CONSTANT_CONVERSION = YES;
				CLANG_WARN_DEPRECATED_OBJC_IMPLEMENTATIONS = YES;
				CLANG_WARN_DIRECT_OBJC_ISA_USAGE = YES_ERROR;
				CLANG_WARN_DOCUMENTATION_COMMENTS = YES;
				CLANG_WARN_EMPTY_BODY = YES;
				CLANG_WARN_ENUM_CONVERSION = YES;
				CLANG_WARN_INFINITE_RECURSION = YES;
				CLANG_WARN_INT_CONVERSION = YES;
				CLANG_WARN_NON_LITERAL_NULL_CONVERSION = YES;
				CLANG_WARN_OBJC_IMPLICIT_RETAIN_SELF = YES;
				CLANG_WARN_OBJC_LITERAL_CONVERSION = YES;
				CLANG_WARN_OBJC_ROOT_CLASS = YES_ERROR;
				CLANG_WARN_RANGE_LOOP_ANALYSIS = YES;
				CLANG_WARN_STRICT_PROTOTYPES = YES;
				CLANG_WARN_SUSPICIOUS_MOVE = YES;
				CLANG_WARN_UNGUARDED_AVAILABILITY = YES_AGGRESSIVE;
				CLANG_WARN_UNREACHABLE_CODE = YES;
				CLANG_WARN__DUPLICATE_METHOD_MATCH = YES;
				COPY_PHASE_STRIP = NO;
				DEBUG_INFORMATION_FORMAT = "dwarf-with-dsym";
				ENABLE_NS_ASSERTIONS = NO;
				ENABLE_STRICT_OBJC_MSGSEND = YES;
				GCC_C_LANGUAGE_STANDARD = gnu11;
				GCC_NO_COMMON_BLOCKS = YES;
				GCC_WARN_64_TO_32_BIT_CONVERSION = YES;
				GCC_WARN_ABOUT_RETURN_TYPE = YES_ERROR;
				GCC_WARN_UNDECLARED_SELECTOR = YES;
				GCC_WARN_UNINITIALIZED_AUTOS = YES_AGGRESSIVE;
				GCC_WARN_UNUSED_FUNCTION = YES;
				GCC_WARN_UNUSED_VARIABLE = YES;
				IPHONEOS_DEPLOYMENT_TARGET = 13.0;
				MTL_ENABLE_DEBUG_INFO = NO;
				MTL_FAST_MATH = YES;
				SDKROOT = iphoneos;
				SWIFT_COMPILATION_MODE = wholemodule;
				SWIFT_OPTIMIZATION_LEVEL = "-O";
				VALIDATE_PRODUCT = YES;
			};
			name = Release;
		};
		556E1AA924CC590300A58FE6 /* Debug */ = {
			isa = XCBuildConfiguration;
			baseConfigurationReference = 51478CDCB049D42ACF2B2723 /* Pods-App-Eventos.debug.xcconfig */;
			buildSettings = {
				ASSETCATALOG_COMPILER_APPICON_NAME = AppIcon;
				CODE_SIGN_STYLE = Automatic;
				DEVELOPMENT_TEAM = 9QG5EGL3K8;
				INFOPLIST_FILE = "App-Eventos/Info.plist";
				LD_RUNPATH_SEARCH_PATHS = (
					"$(inherited)",
					"@executable_path/Frameworks",
				);
				PRODUCT_BUNDLE_IDENTIFIER = "com.felipeweber.App-Eventos";
				PRODUCT_NAME = "$(TARGET_NAME)";
				SWIFT_VERSION = 5.0;
				TARGETED_DEVICE_FAMILY = 1;
			};
			name = Debug;
		};
		556E1AAA24CC590300A58FE6 /* Release */ = {
			isa = XCBuildConfiguration;
			baseConfigurationReference = 57BB09B221BA87AEF3433568 /* Pods-App-Eventos.release.xcconfig */;
			buildSettings = {
				ASSETCATALOG_COMPILER_APPICON_NAME = AppIcon;
				CODE_SIGN_STYLE = Automatic;
				DEVELOPMENT_TEAM = 9QG5EGL3K8;
				INFOPLIST_FILE = "App-Eventos/Info.plist";
				LD_RUNPATH_SEARCH_PATHS = (
					"$(inherited)",
					"@executable_path/Frameworks",
				);
				PRODUCT_BUNDLE_IDENTIFIER = "com.felipeweber.App-Eventos";
				PRODUCT_NAME = "$(TARGET_NAME)";
				SWIFT_VERSION = 5.0;
				TARGETED_DEVICE_FAMILY = 1;
			};
			name = Release;
		};
/* End XCBuildConfiguration section */

/* Begin XCConfigurationList section */
		556E1A8F24CC590300A58FE6 /* Build configuration list for PBXProject "App-Eventos" */ = {
			isa = XCConfigurationList;
			buildConfigurations = (
				556E1AA624CC590300A58FE6 /* Debug */,
				556E1AA724CC590300A58FE6 /* Release */,
			);
			defaultConfigurationIsVisible = 0;
			defaultConfigurationName = Release;
		};
		556E1AA824CC590300A58FE6 /* Build configuration list for PBXNativeTarget "App-Eventos" */ = {
			isa = XCConfigurationList;
			buildConfigurations = (
				556E1AA924CC590300A58FE6 /* Debug */,
				556E1AAA24CC590300A58FE6 /* Release */,
			);
			defaultConfigurationIsVisible = 0;
			defaultConfigurationName = Release;
		};
/* End XCConfigurationList section */
	};
	rootObject = 556E1A8C24CC590300A58FE6 /* Project object */;
}
